
Microsoft Visual Studio Solution File, Format Version 12.00
# Visual Studio 15
VisualStudioVersion = 15.0.28307.852
MinimumVisualStudioVersion = 10.0.40219.1
Project("{FAE04EC0-301F-11D3-BF4B-00C04F79EFBC}") = "ManagementSystem1", "ManagementSystem1\ManagementSystem1.csproj", "{70CF20A0-E4AD-4EBB-AB77-AA4FA94D26F0}"
EndProject
Project("{FAE04EC0-301F-11D3-BF4B-00C04F79EFBC}") = "Models", "Models\Models.csproj", "{1C0C5964-6C31-4207-891D-2D114BF1EBA2}"
EndProject
Project("{FAE04EC0-301F-11D3-BF4B-00C04F79EFBC}") = "Repository", "Repository\Repository.csproj", "{DBFCBCB4-9BB0-485C-8A52-CA567E99441E}"
EndProject
Global
	GlobalSection(SolutionConfigurationPlatforms) = preSolution
		Debug|Any CPU = Debug|Any CPU
		Release|Any CPU = Release|Any CPU
	EndGlobalSection
	GlobalSection(ProjectConfigurationPlatforms) = postSolution
		{70CF20A0-E4AD-4EBB-AB77-AA4FA94D26F0}.Debug|Any CPU.ActiveCfg = Debug|Any CPU
		{70CF20A0-E4AD-4EBB-AB77-AA4FA94D26F0}.Debug|Any CPU.Build.0 = Debug|Any CPU
		{70CF20A0-E4AD-4EBB-AB77-AA4FA94D26F0}.Release|Any CPU.ActiveCfg = Release|Any CPU
		{70CF20A0-E4AD-4EBB-AB77-AA4FA94D26F0}.Release|Any CPU.Build.0 = Release|Any CPU
		{1C0C5964-6C31-4207-891D-2D114BF1EBA2}.Debug|Any CPU.ActiveCfg = Debug|Any CPU
		{1C0C5964-6C31-4207-891D-2D114BF1EBA2}.Debug|Any CPU.Build.0 = Debug|Any CPU
		{1C0C5964-6C31-4207-891D-2D114BF1EBA2}.Release|Any CPU.ActiveCfg = Release|Any CPU
		{1C0C5964-6C31-4207-891D-2D114BF1EBA2}.Release|Any CPU.Build.0 = Release|Any CPU
		{DBFCBCB4-9BB0-485C-8A52-CA567E99441E}.Debug|Any CPU.ActiveCfg = Debug|Any CPU
		{DBFCBCB4-9BB0-485C-8A52-CA567E99441E}.Debug|Any CPU.Build.0 = Debug|Any CPU
		{DBFCBCB4-9BB0-485C-8A52-CA567E99441E}.Release|Any CPU.ActiveCfg = Release|Any CPU
		{DBFCBCB4-9BB0-485C-8A52-CA567E99441E}.Release|Any CPU.Build.0 = Release|Any CPU
	EndGlobalSection
	GlobalSection(SolutionProperties) = preSolution
		HideSolutionNode = FALSE
	EndGlobalSection
	GlobalSection(ExtensibilityGlobals) = postSolution
		SolutionGuid = {BA31B51D-E504-47B7-A868-F8B4331FE827}
	EndGlobalSection
EndGlobal
